
Microsoft Visual Studio Solution File, Format Version 12.00
# Visual Studio Version 16
VisualStudioVersion = 16.0.31702.278
MinimumVisualStudioVersion = 10.0.40219.1
Project("{9A19103F-16F7-4668-BE54-9A1E7A4F7556}") = "PlatformService", "PlatformService\PlatformService.csproj", "{1C73AA34-CFB5-4B0A-A020-685517FE06E1}"
EndProject
Project("{FAE04EC0-301F-11D3-BF4B-00C04F79EFBC}") = "CommandService", "CommandService\CommandService.csproj", "{1A20AF0D-FF5C-4820-8E1E-2365840F5A0D}"
EndProject
Global
	GlobalSection(SolutionConfigurationPlatforms) = preSolution
		Debug|Any CPU = Debug|Any CPU
		Release|Any CPU = Release|Any CPU
	EndGlobalSection
	GlobalSection(ProjectConfigurationPlatforms) = postSolution
		{1C73AA34-CFB5-4B0A-A020-685517FE06E1}.Debug|Any CPU.ActiveCfg = Debug|Any CPU
		{1C73AA34-CFB5-4B0A-A020-685517FE06E1}.Debug|Any CPU.Build.0 = Debug|Any CPU
		{1C73AA34-CFB5-4B0A-A020-685517FE06E1}.Release|Any CPU.ActiveCfg = Release|Any CPU
		{1C73AA34-CFB5-4B0A-A020-685517FE06E1}.Release|Any CPU.Build.0 = Release|Any CPU
		{1A20AF0D-FF5C-4820-8E1E-2365840F5A0D}.Debug|Any CPU.ActiveCfg = Debug|Any CPU
		{1A20AF0D-FF5C-4820-8E1E-2365840F5A0D}.Debug|Any CPU.Build.0 = Debug|Any CPU
		{1A20AF0D-FF5C-4820-8E1E-2365840F5A0D}.Release|Any CPU.ActiveCfg = Release|Any CPU
		{1A20AF0D-FF5C-4820-8E1E-2365840F5A0D}.Release|Any CPU.Build.0 = Release|Any CPU
	EndGlobalSection
	GlobalSection(SolutionProperties) = preSolution
		HideSolutionNode = FALSE
	EndGlobalSection
	GlobalSection(ExtensibilityGlobals) = postSolution
		SolutionGuid = {14036654-2236-4D9A-8AC4-1856102EB5EB}
	EndGlobalSection
EndGlobal
